
Microsoft Visual Studio Solution File, Format Version 12.00
# Visual Studio 14
VisualStudioVersion = 14.0.23107.0
MinimumVisualStudioVersion = 10.0.40219.1
Project("{FAE04EC0-301F-11D3-BF4B-00C04F79EFBC}") = "Counter-Strike Server Launcher", "Counter-Strike Server Launcher\Counter-Strike Server Launcher.csproj", "{11F2591B-2C3A-4352-93E2-3AA74970C7BD}"
EndProject
Global
	GlobalSection(SolutionConfigurationPlatforms) = preSolution
		Debug|Any CPU = Debug|Any CPU
		Release|Any CPU = Release|Any CPU
	EndGlobalSection
	GlobalSection(ProjectConfigurationPlatforms) = postSolution
		{11F2591B-2C3A-4352-93E2-3AA74970C7BD}.Debug|Any CPU.ActiveCfg = Debug|Any CPU
		{11F2591B-2C3A-4352-93E2-3AA74970C7BD}.Debug|Any CPU.Build.0 = Debug|Any CPU
		{11F2591B-2C3A-4352-93E2-3AA74970C7BD}.Release|Any CPU.ActiveCfg = Release|Any CPU
		{11F2591B-2C3A-4352-93E2-3AA74970C7BD}.Release|Any CPU.Build.0 = Release|Any CPU
	EndGlobalSection
	GlobalSection(SolutionProperties) = preSolution
		HideSolutionNode = FALSE
	EndGlobalSection
EndGlobal
